// !$*UTF8*$!
{
	archiveVersion = 1;
	classes = {
	};
	objectVersion = 56;
	objects = {

/* Begin PBXBuildFile section */
		A00D2ED82A5219D900337609 /* AlexTVShowsApp.swift in Sources */ = {isa = PBXBuildFile; fileRef = A00D2ED72A5219D900337609 /* AlexTVShowsApp.swift */; };
		A00D2EDC2A5219DC00337609 /* Assets.xcassets in Resources */ = {isa = PBXBuildFile; fileRef = A00D2EDB2A5219DC00337609 /* Assets.xcassets */; };
		A00D2EDF2A5219DC00337609 /* Preview Assets.xcassets in Resources */ = {isa = PBXBuildFile; fileRef = A00D2EDE2A5219DC00337609 /* Preview Assets.xcassets */; };
		A00D2EE12A5219DC00337609 /* ATSPersistenceController.swift in Sources */ = {isa = PBXBuildFile; fileRef = A00D2EE02A5219DC00337609 /* ATSPersistenceController.swift */; };
		A00D2EE42A5219DC00337609 /* AlexTVShows.xcdatamodeld in Sources */ = {isa = PBXBuildFile; fileRef = A00D2EE22A5219DC00337609 /* AlexTVShows.xcdatamodeld */; };
		A00D2EEF2A521C4800337609 /* ATSDashboardView.swift in Sources */ = {isa = PBXBuildFile; fileRef = A00D2EEE2A521C4800337609 /* ATSDashboardView.swift */; };
		A00D2F162A521D4300337609 /* ATSTvShowsView.swift in Sources */ = {isa = PBXBuildFile; fileRef = A00D2F152A521D4300337609 /* ATSTvShowsView.swift */; };
		A00D2F182A521DD500337609 /* ATSTvShowManager.swift in Sources */ = {isa = PBXBuildFile; fileRef = A00D2F172A521DD500337609 /* ATSTvShowManager.swift */; };
		A00D2F1A2A521E0F00337609 /* ATSTvShow.swift in Sources */ = {isa = PBXBuildFile; fileRef = A00D2F192A521E0F00337609 /* ATSTvShow.swift */; };
		A00D2F1C2A521FCC00337609 /* ATSCountry.swift in Sources */ = {isa = PBXBuildFile; fileRef = A00D2F1B2A521FCC00337609 /* ATSCountry.swift */; };
		A00D2F202A52201F00337609 /* DateExtension.swift in Sources */ = {isa = PBXBuildFile; fileRef = A00D2F1F2A52201F00337609 /* DateExtension.swift */; };
		A00D2F272A52230F00337609 /* ATSShowItemView.swift in Sources */ = {isa = PBXBuildFile; fileRef = A00D2F262A52230F00337609 /* ATSShowItemView.swift */; };
		A00D2F292A52290F00337609 /* ATSShowList.swift in Sources */ = {isa = PBXBuildFile; fileRef = A00D2F282A52290F00337609 /* ATSShowList.swift */; };
		A00D2F2D2A52389000337609 /* ATSAction.swift in Sources */ = {isa = PBXBuildFile; fileRef = A00D2F2C2A52389000337609 /* ATSAction.swift */; };
		A00D2F2F2A523B7C00337609 /* TvShowExtension.swift in Sources */ = {isa = PBXBuildFile; fileRef = A00D2F2E2A523B7C00337609 /* TvShowExtension.swift */; };
		A00D2F312A523D9F00337609 /* ATSTvShowListType.swift in Sources */ = {isa = PBXBuildFile; fileRef = A00D2F302A523D9F00337609 /* ATSTvShowListType.swift */; };
		A00D2F352A52441400337609 /* ATSTvShowDetailView.swift in Sources */ = {isa = PBXBuildFile; fileRef = A00D2F342A52441400337609 /* ATSTvShowDetailView.swift */; };
		A0BAEF692A524FD800635E7D /* ATSAlertContent.swift in Sources */ = {isa = PBXBuildFile; fileRef = A0BAEF682A524FD800635E7D /* ATSAlertContent.swift */; };
		A0BAEF6B2A52620000635E7D /* ATSTvShowExtension.swift in Sources */ = {isa = PBXBuildFile; fileRef = A0BAEF6A2A52620000635E7D /* ATSTvShowExtension.swift */; };
/* End PBXBuildFile section */

/* Begin PBXFileReference section */
		A00D2ED42A5219D900337609 /* AlexTVShows.app */ = {isa = PBXFileReference; explicitFileType = wrapper.application; includeInIndex = 0; path = AlexTVShows.app; sourceTree = BUILT_PRODUCTS_DIR; };
		A00D2ED72A5219D900337609 /* AlexTVShowsApp.swift */ = {isa = PBXFileReference; lastKnownFileType = sourcecode.swift; path = AlexTVShowsApp.swift; sourceTree = "<group>"; };
		A00D2EDB2A5219DC00337609 /* Assets.xcassets */ = {isa = PBXFileReference; lastKnownFileType = folder.assetcatalog; path = Assets.xcassets; sourceTree = "<group>"; };
		A00D2EDE2A5219DC00337609 /* Preview Assets.xcassets */ = {isa = PBXFileReference; lastKnownFileType = folder.assetcatalog; path = "Preview Assets.xcassets"; sourceTree = "<group>"; };
		A00D2EE02A5219DC00337609 /* ATSPersistenceController.swift */ = {isa = PBXFileReference; lastKnownFileType = sourcecode.swift; path = ATSPersistenceController.swift; sourceTree = "<group>"; };
		A00D2EE32A5219DC00337609 /* AlexTVShows.xcdatamodel */ = {isa = PBXFileReference; lastKnownFileType = wrapper.xcdatamodel; path = AlexTVShows.xcdatamodel; sourceTree = "<group>"; };
		A00D2EEE2A521C4800337609 /* ATSDashboardView.swift */ = {isa = PBXFileReference; lastKnownFileType = sourcecode.swift; path = ATSDashboardView.swift; sourceTree = "<group>"; };
		A00D2F152A521D4300337609 /* ATSTvShowsView.swift */ = {isa = PBXFileReference; lastKnownFileType = sourcecode.swift; path = ATSTvShowsView.swift; sourceTree = "<group>"; };
		A00D2F172A521DD500337609 /* ATSTvShowManager.swift */ = {isa = PBXFileReference; lastKnownFileType = sourcecode.swift; path = ATSTvShowManager.swift; sourceTree = "<group>"; };
		A00D2F192A521E0F00337609 /* ATSTvShow.swift */ = {isa = PBXFileReference; lastKnownFileType = sourcecode.swift; path = ATSTvShow.swift; sourceTree = "<group>"; };
		A00D2F1B2A521FCC00337609 /* ATSCountry.swift */ = {isa = PBXFileReference; lastKnownFileType = sourcecode.swift; path = ATSCountry.swift; sourceTree = "<group>"; };
		A00D2F1F2A52201F00337609 /* DateExtension.swift */ = {isa = PBXFileReference; lastKnownFileType = sourcecode.swift; path = DateExtension.swift; sourceTree = "<group>"; };
		A00D2F262A52230F00337609 /* ATSShowItemView.swift */ = {isa = PBXFileReference; lastKnownFileType = sourcecode.swift; path = ATSShowItemView.swift; sourceTree = "<group>"; };
		A00D2F282A52290F00337609 /* ATSShowList.swift */ = {isa = PBXFileReference; lastKnownFileType = sourcecode.swift; path = ATSShowList.swift; sourceTree = "<group>"; };
		A00D2F2C2A52389000337609 /* ATSAction.swift */ = {isa = PBXFileReference; lastKnownFileType = sourcecode.swift; path = ATSAction.swift; sourceTree = "<group>"; };
		A00D2F2E2A523B7C00337609 /* TvShowExtension.swift */ = {isa = PBXFileReference; lastKnownFileType = sourcecode.swift; path = TvShowExtension.swift; sourceTree = "<group>"; };
		A00D2F302A523D9F00337609 /* ATSTvShowListType.swift */ = {isa = PBXFileReference; lastKnownFileType = sourcecode.swift; path = ATSTvShowListType.swift; sourceTree = "<group>"; };
		A00D2F342A52441400337609 /* ATSTvShowDetailView.swift */ = {isa = PBXFileReference; lastKnownFileType = sourcecode.swift; path = ATSTvShowDetailView.swift; sourceTree = "<group>"; };
		A0BAEF682A524FD800635E7D /* ATSAlertContent.swift */ = {isa = PBXFileReference; lastKnownFileType = sourcecode.swift; path = ATSAlertContent.swift; sourceTree = "<group>"; };
		A0BAEF6A2A52620000635E7D /* ATSTvShowExtension.swift */ = {isa = PBXFileReference; lastKnownFileType = sourcecode.swift; path = ATSTvShowExtension.swift; sourceTree = "<group>"; };
/* End PBXFileReference section */

/* Begin PBXFrameworksBuildPhase section */
		A00D2ED12A5219D900337609 /* Frameworks */ = {
			isa = PBXFrameworksBuildPhase;
			buildActionMask = 2147483647;
			files = (
			);
			runOnlyForDeploymentPostprocessing = 0;
		};
/* End PBXFrameworksBuildPhase section */

/* Begin PBXGroup section */
		A00D2ECB2A5219D900337609 = {
			isa = PBXGroup;
			children = (
				A00D2ED62A5219D900337609 /* AlexTVShows */,
				A00D2ED52A5219D900337609 /* Products */,
			);
			sourceTree = "<group>";
		};
		A00D2ED52A5219D900337609 /* Products */ = {
			isa = PBXGroup;
			children = (
				A00D2ED42A5219D900337609 /* AlexTVShows.app */,
			);
			name = Products;
			sourceTree = "<group>";
		};
		A00D2ED62A5219D900337609 /* AlexTVShows */ = {
			isa = PBXGroup;
			children = (
				A00D2ED72A5219D900337609 /* AlexTVShowsApp.swift */,
				A00D2F1D2A52200900337609 /* Utils */,
				A00D2EED2A521C1800337609 /* Model */,
				A00D2EEC2A521C1400337609 /* Core */,
				A00D2F252A5222D400337609 /* Components */,
				A00D2EEB2A521C0F00337609 /* Views */,
				A00D2EDB2A5219DC00337609 /* Assets.xcassets */,
				A00D2EE22A5219DC00337609 /* AlexTVShows.xcdatamodeld */,
				A00D2EDD2A5219DC00337609 /* Preview Content */,
			);
			path = AlexTVShows;
			sourceTree = "<group>";
		};
		A00D2EDD2A5219DC00337609 /* Preview Content */ = {
			isa = PBXGroup;
			children = (
				A00D2EDE2A5219DC00337609 /* Preview Assets.xcassets */,
			);
			path = "Preview Content";
			sourceTree = "<group>";
		};
		A00D2EEB2A521C0F00337609 /* Views */ = {
			isa = PBXGroup;
			children = (
				A00D2EEE2A521C4800337609 /* ATSDashboardView.swift */,
				A00D2F152A521D4300337609 /* ATSTvShowsView.swift */,
				A00D2F342A52441400337609 /* ATSTvShowDetailView.swift */,
			);
			path = Views;
			sourceTree = "<group>";
		};
		A00D2EEC2A521C1400337609 /* Core */ = {
			isa = PBXGroup;
			children = (
				A00D2EE02A5219DC00337609 /* ATSPersistenceController.swift */,
				A00D2F172A521DD500337609 /* ATSTvShowManager.swift */,
			);
			path = Core;
			sourceTree = "<group>";
		};
		A00D2EED2A521C1800337609 /* Model */ = {
			isa = PBXGroup;
			children = (
				A00D2F192A521E0F00337609 /* ATSTvShow.swift */,
				A00D2F1B2A521FCC00337609 /* ATSCountry.swift */,
				A00D2F2C2A52389000337609 /* ATSAction.swift */,
				A00D2F302A523D9F00337609 /* ATSTvShowListType.swift */,
				A0BAEF682A524FD800635E7D /* ATSAlertContent.swift */,
			);
			path = Model;
			sourceTree = "<group>";
		};
		A00D2F1D2A52200900337609 /* Utils */ = {
			isa = PBXGroup;
			children = (
				A00D2F1E2A52201400337609 /* Extension */,
			);
			path = Utils;
			sourceTree = "<group>";
		};
		A00D2F1E2A52201400337609 /* Extension */ = {
			isa = PBXGroup;
			children = (
				A00D2F1F2A52201F00337609 /* DateExtension.swift */,
				A00D2F2E2A523B7C00337609 /* TvShowExtension.swift */,
				A0BAEF6A2A52620000635E7D /* ATSTvShowExtension.swift */,
			);
			path = Extension;
			sourceTree = "<group>";
		};
		A00D2F252A5222D400337609 /* Components */ = {
			isa = PBXGroup;
			children = (
				A00D2F262A52230F00337609 /* ATSShowItemView.swift */,
				A00D2F282A52290F00337609 /* ATSShowList.swift */,
			);
			path = Components;
			sourceTree = "<group>";
		};
/* End PBXGroup section */

/* Begin PBXNativeTarget section */
		A00D2ED32A5219D900337609 /* AlexTVShows */ = {
			isa = PBXNativeTarget;
			buildConfigurationList = A00D2EE72A5219DC00337609 /* Build configuration list for PBXNativeTarget "AlexTVShows" */;
			buildPhases = (
				A00D2ED02A5219D900337609 /* Sources */,
				A00D2ED12A5219D900337609 /* Frameworks */,
				A00D2ED22A5219D900337609 /* Resources */,
			);
			buildRules = (
			);
			dependencies = (
			);
			name = AlexTVShows;
			productName = AlexTVShows;
			productReference = A00D2ED42A5219D900337609 /* AlexTVShows.app */;
			productType = "com.apple.product-type.application";
		};
/* End PBXNativeTarget section */

/* Begin PBXProject section */
		A00D2ECC2A5219D900337609 /* Project object */ = {
			isa = PBXProject;
			attributes = {
				BuildIndependentTargetsInParallel = 1;
				LastSwiftUpdateCheck = 1410;
				LastUpgradeCheck = 1410;
				TargetAttributes = {
					A00D2ED32A5219D900337609 = {
						CreatedOnToolsVersion = 14.1;
					};
				};
			};
			buildConfigurationList = A00D2ECF2A5219D900337609 /* Build configuration list for PBXProject "AlexTVShows" */;
			compatibilityVersion = "Xcode 14.0";
			developmentRegion = en;
			hasScannedForEncodings = 0;
			knownRegions = (
				en,
				Base,
			);
			mainGroup = A00D2ECB2A5219D900337609;
			productRefGroup = A00D2ED52A5219D900337609 /* Products */;
			projectDirPath = "";
			projectRoot = "";
			targets = (
				A00D2ED32A5219D900337609 /* AlexTVShows */,
			);
		};
/* End PBXProject section */

/* Begin PBXResourcesBuildPhase section */
		A00D2ED22A5219D900337609 /* Resources */ = {
			isa = PBXResourcesBuildPhase;
			buildActionMask = 2147483647;
			files = (
				A00D2EDF2A5219DC00337609 /* Preview Assets.xcassets in Resources */,
				A00D2EDC2A5219DC00337609 /* Assets.xcassets in Resources */,
			);
			runOnlyForDeploymentPostprocessing = 0;
		};
/* End PBXResourcesBuildPhase section */

/* Begin PBXSourcesBuildPhase section */
		A00D2ED02A5219D900337609 /* Sources */ = {
			isa = PBXSourcesBuildPhase;
			buildActionMask = 2147483647;
			files = (
				A00D2F162A521D4300337609 /* ATSTvShowsView.swift in Sources */,
				A00D2F292A52290F00337609 /* ATSShowList.swift in Sources */,
				A00D2F272A52230F00337609 /* ATSShowItemView.swift in Sources */,
				A00D2F202A52201F00337609 /* DateExtension.swift in Sources */,
				A0BAEF6B2A52620000635E7D /* ATSTvShowExtension.swift in Sources */,
				A00D2EE42A5219DC00337609 /* AlexTVShows.xcdatamodeld in Sources */,
				A00D2F182A521DD500337609 /* ATSTvShowManager.swift in Sources */,
				A00D2EEF2A521C4800337609 /* ATSDashboardView.swift in Sources */,
				A00D2F2F2A523B7C00337609 /* TvShowExtension.swift in Sources */,
				A00D2F1A2A521E0F00337609 /* ATSTvShow.swift in Sources */,
				A00D2F352A52441400337609 /* ATSTvShowDetailView.swift in Sources */,
				A00D2F312A523D9F00337609 /* ATSTvShowListType.swift in Sources */,
				A0BAEF692A524FD800635E7D /* ATSAlertContent.swift in Sources */,
				A00D2EE12A5219DC00337609 /* ATSPersistenceController.swift in Sources */,
				A00D2F2D2A52389000337609 /* ATSAction.swift in Sources */,
				A00D2F1C2A521FCC00337609 /* ATSCountry.swift in Sources */,
				A00D2ED82A5219D900337609 /* AlexTVShowsApp.swift in Sources */,
			);
			runOnlyForDeploymentPostprocessing = 0;
		};
/* End PBXSourcesBuildPhase section */

/* Begin XCBuildConfiguration section */
		A00D2EE52A5219DC00337609 /* Debug */ = {
			isa = XCBuildConfiguration;
			buildSettings = {
				ALWAYS_SEARCH_USER_PATHS = NO;
				CLANG_ANALYZER_NONNULL = YES;
				CLANG_ANALYZER_NUMBER_OBJECT_CONVERSION = YES_AGGRESSIVE;
				CLANG_CXX_LANGUAGE_STANDARD = "gnu++20";
				CLANG_ENABLE_MODULES = YES;
				CLANG_ENABLE_OBJC_ARC = YES;
				CLANG_ENABLE_OBJC_WEAK = YES;
				CLANG_WARN_BLOCK_CAPTURE_AUTORELEASING = YES;
				CLANG_WARN_BOOL_CONVERSION = YES;
				CLANG_WARN_COMMA = YES;
				CLANG_WARN_CONSTANT_CONVERSION = YES;
				CLANG_WARN_DEPRECATED_OBJC_IMPLEMENTATIONS = YES;
				CLANG_WARN_DIRECT_OBJC_ISA_USAGE = YES_ERROR;
				CLANG_WARN_DOCUMENTATION_COMMENTS = YES;
				CLANG_WARN_EMPTY_BODY = YES;
				CLANG_WARN_ENUM_CONVERSION = YES;
				CLANG_WARN_INFINITE_RECURSION = YES;
				CLANG_WARN_INT_CONVERSION = YES;
				CLANG_WARN_NON_LITERAL_NULL_CONVERSION = YES;
				CLANG_WARN_OBJC_IMPLICIT_RETAIN_SELF = YES;
				CLANG_WARN_OBJC_LITERAL_CONVERSION = YES;
				CLANG_WARN_OBJC_ROOT_CLASS = YES_ERROR;
				CLANG_WARN_QUOTED_INCLUDE_IN_FRAMEWORK_HEADER = YES;
				CLANG_WARN_RANGE_LOOP_ANALYSIS = YES;
				CLANG_WARN_STRICT_PROTOTYPES = YES;
				CLANG_WARN_SUSPICIOUS_MOVE = YES;
				CLANG_WARN_UNGUARDED_AVAILABILITY = YES_AGGRESSIVE;
				CLANG_WARN_UNREACHABLE_CODE = YES;
				CLANG_WARN__DUPLICATE_METHOD_MATCH = YES;
				COPY_PHASE_STRIP = NO;
				DEBUG_INFORMATION_FORMAT = dwarf;
				ENABLE_STRICT_OBJC_MSGSEND = YES;
				ENABLE_TESTABILITY = YES;
				GCC_C_LANGUAGE_STANDARD = gnu11;
				GCC_DYNAMIC_NO_PIC = NO;
				GCC_NO_COMMON_BLOCKS = YES;
				GCC_OPTIMIZATION_LEVEL = 0;
				GCC_PREPROCESSOR_DEFINITIONS = (
					"DEBUG=1",
					"$(inherited)",
				);
				GCC_WARN_64_TO_32_BIT_CONVERSION = YES;
				GCC_WARN_ABOUT_RETURN_TYPE = YES_ERROR;
				GCC_WARN_UNDECLARED_SELECTOR = YES;
				GCC_WARN_UNINITIALIZED_AUTOS = YES_AGGRESSIVE;
				GCC_WARN_UNUSED_FUNCTION = YES;
				GCC_WARN_UNUSED_VARIABLE = YES;
				IPHONEOS_DEPLOYMENT_TARGET = 16.1;
				MTL_ENABLE_DEBUG_INFO = INCLUDE_SOURCE;
				MTL_FAST_MATH = YES;
				ONLY_ACTIVE_ARCH = YES;
				SDKROOT = iphoneos;
				SWIFT_ACTIVE_COMPILATION_CONDITIONS = DEBUG;
				SWIFT_OPTIMIZATION_LEVEL = "-Onone";
			};
			name = Debug;
		};
		A00D2EE62A5219DC00337609 /* Release */ = {
			isa = XCBuildConfiguration;
			buildSettings = {
				ALWAYS_SEARCH_USER_PATHS = NO;
				CLANG_ANALYZER_NONNULL = YES;
				CLANG_ANALYZER_NUMBER_OBJECT_CONVERSION = YES_AGGRESSIVE;
				CLANG_CXX_LANGUAGE_STANDARD = "gnu++20";
				CLANG_ENABLE_MODULES = YES;
				CLANG_ENABLE_OBJC_ARC = YES;
				CLANG_ENABLE_OBJC_WEAK = YES;
				CLANG_WARN_BLOCK_CAPTURE_AUTORELEASING = YES;
				CLANG_WARN_BOOL_CONVERSION = YES;
				CLANG_WARN_COMMA = YES;
				CLANG_WARN_CONSTANT_CONVERSION = YES;
				CLANG_WARN_DEPRECATED_OBJC_IMPLEMENTATIONS = YES;
				CLANG_WARN_DIRECT_OBJC_ISA_USAGE = YES_ERROR;
				CLANG_WARN_DOCUMENTATION_COMMENTS = YES;
				CLANG_WARN_EMPTY_BODY = YES;
				CLANG_WARN_ENUM_CONVERSION = YES;
				CLANG_WARN_INFINITE_RECURSION = YES;
				CLANG_WARN_INT_CONVERSION = YES;
				CLANG_WARN_NON_LITERAL_NULL_CONVERSION = YES;
				CLANG_WARN_OBJC_IMPLICIT_RETAIN_SELF = YES;
				CLANG_WARN_OBJC_LITERAL_CONVERSION = YES;
				CLANG_WARN_OBJC_ROOT_CLASS = YES_ERROR;
				CLANG_WARN_QUOTED_INCLUDE_IN_FRAMEWORK_HEADER = YES;
				CLANG_WARN_RANGE_LOOP_ANALYSIS = YES;
				CLANG_WARN_STRICT_PROTOTYPES = YES;
				CLANG_WARN_SUSPICIOUS_MOVE = YES;
				CLANG_WARN_UNGUARDED_AVAILABILITY = YES_AGGRESSIVE;
				CLANG_WARN_UNREACHABLE_CODE = YES;
				CLANG_WARN__DUPLICATE_METHOD_MATCH = YES;
				COPY_PHASE_STRIP = NO;
				DEBUG_INFORMATION_FORMAT = "dwarf-with-dsym";
				ENABLE_NS_ASSERTIONS = NO;
				ENABLE_STRICT_OBJC_MSGSEND = YES;
				GCC_C_LANGUAGE_STANDARD = gnu11;
				GCC_NO_COMMON_BLOCKS = YES;
				GCC_WARN_64_TO_32_BIT_CONVERSION = YES;
				GCC_WARN_ABOUT_RETURN_TYPE = YES_ERROR;
				GCC_WARN_UNDECLARED_SELECTOR = YES;
				GCC_WARN_UNINITIALIZED_AUTOS = YES_AGGRESSIVE;
				GCC_WARN_UNUSED_FUNCTION = YES;
				GCC_WARN_UNUSED_VARIABLE = YES;
				IPHONEOS_DEPLOYMENT_TARGET = 16.1;
				MTL_ENABLE_DEBUG_INFO = NO;
				MTL_FAST_MATH = YES;
				SDKROOT = iphoneos;
				SWIFT_COMPILATION_MODE = wholemodule;
				SWIFT_OPTIMIZATION_LEVEL = "-O";
				VALIDATE_PRODUCT = YES;
			};
			name = Release;
		};
		A00D2EE82A5219DC00337609 /* Debug */ = {
			isa = XCBuildConfiguration;
			buildSettings = {
				ASSETCATALOG_COMPILER_APPICON_NAME = AppIcon;
				ASSETCATALOG_COMPILER_GLOBAL_ACCENT_COLOR_NAME = AccentColor;
				CODE_SIGN_STYLE = Automatic;
				CURRENT_PROJECT_VERSION = 1;
				DEVELOPMENT_ASSET_PATHS = "\"AlexTVShows/Preview Content\"";
				DEVELOPMENT_TEAM = 2W3T4DUMDZ;
				ENABLE_PREVIEWS = YES;
				GENERATE_INFOPLIST_FILE = YES;
				INFOPLIST_KEY_UIApplicationSceneManifest_Generation = YES;
				INFOPLIST_KEY_UIApplicationSupportsIndirectInputEvents = YES;
				INFOPLIST_KEY_UILaunchScreen_Generation = YES;
				INFOPLIST_KEY_UISupportedInterfaceOrientations = UIInterfaceOrientationPortrait;
				INFOPLIST_KEY_UISupportedInterfaceOrientations_iPad = "UIInterfaceOrientationLandscapeLeft UIInterfaceOrientationLandscapeRight UIInterfaceOrientationPortrait UIInterfaceOrientationPortraitUpsideDown";
				IPHONEOS_DEPLOYMENT_TARGET = 16;
				LD_RUNPATH_SEARCH_PATHS = (
					"$(inherited)",
					"@executable_path/Frameworks",
				);
				MARKETING_VERSION = 1.0;
				PRODUCT_BUNDLE_IDENTIFIER = com.test.AlexTVShows;
				PRODUCT_NAME = "$(TARGET_NAME)";
				SUPPORTED_PLATFORMS = "iphoneos iphonesimulator";
				SUPPORTS_MACCATALYST = NO;
				SUPPORTS_MAC_DESIGNED_FOR_IPHONE_IPAD = NO;
				SWIFT_EMIT_LOC_STRINGS = YES;
				SWIFT_VERSION = 5.0;
				TARGETED_DEVICE_FAMILY = 1;
			};
			name = Debug;
		};
		A00D2EE92A5219DC00337609 /* Release */ = {
			isa = XCBuildConfiguration;
			buildSettings = {
				ASSETCATALOG_COMPILER_APPICON_NAME = AppIcon;
				ASSETCATALOG_COMPILER_GLOBAL_ACCENT_COLOR_NAME = AccentColor;
				CODE_SIGN_STYLE = Automatic;
				CURRENT_PROJECT_VERSION = 1;
				DEVELOPMENT_ASSET_PATHS = "\"AlexTVShows/Preview Content\"";
				DEVELOPMENT_TEAM = 2W3T4DUMDZ;
				ENABLE_PREVIEWS = YES;
				GENERATE_INFOPLIST_FILE = YES;
				INFOPLIST_KEY_UIApplicationSceneManifest_Generation = YES;
				INFOPLIST_KEY_UIApplicationSupportsIndirectInputEvents = YES;
				INFOPLIST_KEY_UILaunchScreen_Generation = YES;
				INFOPLIST_KEY_UISupportedInterfaceOrientations = UIInterfaceOrientationPortrait;
				INFOPLIST_KEY_UISupportedInterfaceOrientations_iPad = "UIInterfaceOrientationLandscapeLeft UIInterfaceOrientationLandscapeRight UIInterfaceOrientationPortrait UIInterfaceOrientationPortraitUpsideDown";
				IPHONEOS_DEPLOYMENT_TARGET = 16;
				LD_RUNPATH_SEARCH_PATHS = (
					"$(inherited)",
					"@executable_path/Frameworks",
				);
				MARKETING_VERSION = 1.0;
				PRODUCT_BUNDLE_IDENTIFIER = com.test.AlexTVShows;
				PRODUCT_NAME = "$(TARGET_NAME)";
				SUPPORTED_PLATFORMS = "iphoneos iphonesimulator";
				SUPPORTS_MACCATALYST = NO;
				SUPPORTS_MAC_DESIGNED_FOR_IPHONE_IPAD = NO;
				SWIFT_EMIT_LOC_STRINGS = YES;
				SWIFT_VERSION = 5.0;
				TARGETED_DEVICE_FAMILY = 1;
			};
			name = Release;
		};
/* End XCBuildConfiguration section */

/* Begin XCConfigurationList section */
		A00D2ECF2A5219D900337609 /* Build configuration list for PBXProject "AlexTVShows" */ = {
			isa = XCConfigurationList;
			buildConfigurations = (
				A00D2EE52A5219DC00337609 /* Debug */,
				A00D2EE62A5219DC00337609 /* Release */,
			);
			defaultConfigurationIsVisible = 0;
			defaultConfigurationName = Release;
		};
		A00D2EE72A5219DC00337609 /* Build configuration list for PBXNativeTarget "AlexTVShows" */ = {
			isa = XCConfigurationList;
			buildConfigurations = (
				A00D2EE82A5219DC00337609 /* Debug */,
				A00D2EE92A5219DC00337609 /* Release */,
			);
			defaultConfigurationIsVisible = 0;
			defaultConfigurationName = Release;
		};
/* End XCConfigurationList section */

/* Begin XCVersionGroup section */
		A00D2EE22A5219DC00337609 /* AlexTVShows.xcdatamodeld */ = {
			isa = XCVersionGroup;
			children = (
				A00D2EE32A5219DC00337609 /* AlexTVShows.xcdatamodel */,
			);
			currentVersion = A00D2EE32A5219DC00337609 /* AlexTVShows.xcdatamodel */;
			path = AlexTVShows.xcdatamodeld;
			sourceTree = "<group>";
			versionGroupType = wrapper.xcdatamodel;
		};
/* End XCVersionGroup section */
	};
	rootObject = A00D2ECC2A5219D900337609 /* Project object */;
}
